
Microsoft Visual Studio Solution File, Format Version 12.00
# Visual Studio Version 16
VisualStudioVersion = 16.0.29806.167
MinimumVisualStudioVersion = 10.0.40219.1
Project("{FAE04EC0-301F-11D3-BF4B-00C04F79EFBC}") = "EasyGame", "EasyGame\EasyGame.csproj", "{4A251F37-A332-4852-B87C-C1F788C02B46}"
EndProject
Global
	GlobalSection(SolutionConfigurationPlatforms) = preSolution
		Debug|Any CPU = Debug|Any CPU
		Release|Any CPU = Release|Any CPU
	EndGlobalSection
	GlobalSection(ProjectConfigurationPlatforms) = postSolution
		{4A251F37-A332-4852-B87C-C1F788C02B46}.Debug|Any CPU.ActiveCfg = Debug|Any CPU
		{4A251F37-A332-4852-B87C-C1F788C02B46}.Debug|Any CPU.Build.0 = Debug|Any CPU
		{4A251F37-A332-4852-B87C-C1F788C02B46}.Release|Any CPU.ActiveCfg = Release|Any CPU
		{4A251F37-A332-4852-B87C-C1F788C02B46}.Release|Any CPU.Build.0 = Release|Any CPU
	EndGlobalSection
	GlobalSection(SolutionProperties) = preSolution
		HideSolutionNode = FALSE
	EndGlobalSection
	GlobalSection(ExtensibilityGlobals) = postSolution
		SolutionGuid = {CDF64C23-A246-477A-B2B3-DE40CEA21E64}
	EndGlobalSection
EndGlobal
